// !$*UTF8*$!
{
	archiveVersion = 1;
	classes = {
	};
	objectVersion = 46;
	objects = {

/* Begin PBXBuildFile section */
		4C2898B01F2F6F1200D0C4BF /* a_alipay.png in Resources */ = {isa = PBXBuildFile; fileRef = 4C2898AE1F2F6F1200D0C4BF /* a_alipay.png */; };
		4C2898B11F2F6F1300D0C4BF /* a_close.png in Resources */ = {isa = PBXBuildFile; fileRef = 4C2898AF1F2F6F1200D0C4BF /* a_close.png */; };
		4CEB7D841F38CD6F00F8B240 /* Info.plist in Resources */ = {isa = PBXBuildFile; fileRef = 4CEB7D6A1F38CD6F00F8B240 /* Info.plist */; };
		4CEB7D851F38CD7000F8B240 /* MASCompositeConstraint.m in Sources */ = {isa = PBXBuildFile; fileRef = 4CEB7D6C1F38CD6F00F8B240 /* MASCompositeConstraint.m */; };
		4CEB7D861F38CD7000F8B240 /* MASConstraint.m in Sources */ = {isa = PBXBuildFile; fileRef = 4CEB7D6F1F38CD6F00F8B240 /* MASConstraint.m */; };
		4CEB7D871F38CD7000F8B240 /* MASConstraintMaker.m in Sources */ = {isa = PBXBuildFile; fileRef = 4CEB7D711F38CD6F00F8B240 /* MASConstraintMaker.m */; };
		4CEB7D881F38CD7000F8B240 /* MASLayoutConstraint.m in Sources */ = {isa = PBXBuildFile; fileRef = 4CEB7D731F38CD6F00F8B240 /* MASLayoutConstraint.m */; };
		4CEB7D891F38CD7000F8B240 /* MASViewAttribute.m in Sources */ = {isa = PBXBuildFile; fileRef = 4CEB7D771F38CD6F00F8B240 /* MASViewAttribute.m */; };
		4CEB7D8A1F38CD7000F8B240 /* MASViewConstraint.m in Sources */ = {isa = PBXBuildFile; fileRef = 4CEB7D791F38CD6F00F8B240 /* MASViewConstraint.m */; };
		4CEB7D8B1F38CD7000F8B240 /* NSArray+MASAdditions.m in Sources */ = {isa = PBXBuildFile; fileRef = 4CEB7D7B1F38CD6F00F8B240 /* NSArray+MASAdditions.m */; };
		4CEB7D8C1F38CD7000F8B240 /* NSLayoutConstraint+MASDebugAdditions.m in Sources */ = {isa = PBXBuildFile; fileRef = 4CEB7D7E1F38CD6F00F8B240 /* NSLayoutConstraint+MASDebugAdditions.m */; };
		4CEB7D8D1F38CD7000F8B240 /* View+MASAdditions.m in Sources */ = {isa = PBXBuildFile; fileRef = 4CEB7D801F38CD6F00F8B240 /* View+MASAdditions.m */; };
		4CEB7D8E1F38CD7000F8B240 /* ViewController+MASAdditions.m in Sources */ = {isa = PBXBuildFile; fileRef = 4CEB7D831F38CD6F00F8B240 /* ViewController+MASAdditions.m */; };
		A2061B1F1C47D0650005BFF4 /* main.m in Sources */ = {isa = PBXBuildFile; fileRef = A2061B1E1C47D0650005BFF4 /* main.m */; };
		A2061B221C47D0650005BFF4 /* AppDelegate.m in Sources */ = {isa = PBXBuildFile; fileRef = A2061B211C47D0650005BFF4 /* AppDelegate.m */; };
		A2061B251C47D0650005BFF4 /* RedPacketViewController.m in Sources */ = {isa = PBXBuildFile; fileRef = A2061B241C47D0650005BFF4 /* RedPacketViewController.m */; };
		A2061B281C47D0650005BFF4 /* Main.storyboard in Resources */ = {isa = PBXBuildFile; fileRef = A2061B261C47D0650005BFF4 /* Main.storyboard */; };
		A2061B2A1C47D0650005BFF4 /* Assets.xcassets in Resources */ = {isa = PBXBuildFile; fileRef = A2061B291C47D0650005BFF4 /* Assets.xcassets */; };
		A2061B2D1C47D0650005BFF4 /* LaunchScreen.storyboard in Resources */ = {isa = PBXBuildFile; fileRef = A2061B2B1C47D0650005BFF4 /* LaunchScreen.storyboard */; };
		A2061B391C47D0880005BFF4 /* UIImage+ImageEffects.m in Sources */ = {isa = PBXBuildFile; fileRef = A2061B361C47D0880005BFF4 /* UIImage+ImageEffects.m */; };
		A2061B3A1C47D0880005BFF4 /* UIImageView+LBBlurredImage.m in Sources */ = {isa = PBXBuildFile; fileRef = A2061B381C47D0880005BFF4 /* UIImageView+LBBlurredImage.m */; };
		A2061B3D1C47D14F0005BFF4 /* huba.jpeg in Resources */ = {isa = PBXBuildFile; fileRef = A2061B3B1C47D14F0005BFF4 /* huba.jpeg */; };
/* End PBXBuildFile section */

/* Begin PBXFileReference section */
		4C2898AE1F2F6F1200D0C4BF /* a_alipay.png */ = {isa = PBXFileReference; lastKnownFileType = image.png; path = a_alipay.png; sourceTree = "<group>"; };
		4C2898AF1F2F6F1200D0C4BF /* a_close.png */ = {isa = PBXFileReference; lastKnownFileType = image.png; path = a_close.png; sourceTree = "<group>"; };
		4CEB7D6A1F38CD6F00F8B240 /* Info.plist */ = {isa = PBXFileReference; fileEncoding = 4; lastKnownFileType = text.plist.xml; path = Info.plist; sourceTree = "<group>"; };
		4CEB7D6B1F38CD6F00F8B240 /* MASCompositeConstraint.h */ = {isa = PBXFileReference; fileEncoding = 4; lastKnownFileType = sourcecode.c.h; path = MASCompositeConstraint.h; sourceTree = "<group>"; };
		4CEB7D6C1F38CD6F00F8B240 /* MASCompositeConstraint.m */ = {isa = PBXFileReference; fileEncoding = 4; lastKnownFileType = sourcecode.c.objc; path = MASCompositeConstraint.m; sourceTree = "<group>"; };
		4CEB7D6D1F38CD6F00F8B240 /* MASConstraint+Private.h */ = {isa = PBXFileReference; fileEncoding = 4; lastKnownFileType = sourcecode.c.h; path = "MASConstraint+Private.h"; sourceTree = "<group>"; };
		4CEB7D6E1F38CD6F00F8B240 /* MASConstraint.h */ = {isa = PBXFileReference; fileEncoding = 4; lastKnownFileType = sourcecode.c.h; path = MASConstraint.h; sourceTree = "<group>"; };
		4CEB7D6F1F38CD6F00F8B240 /* MASConstraint.m */ = {isa = PBXFileReference; fileEncoding = 4; lastKnownFileType = sourcecode.c.objc; path = MASConstraint.m; sourceTree = "<group>"; };
		4CEB7D701F38CD6F00F8B240 /* MASConstraintMaker.h */ = {isa = PBXFileReference; fileEncoding = 4; lastKnownFileType = sourcecode.c.h; path = MASConstraintMaker.h; sourceTree = "<group>"; };
		4CEB7D711F38CD6F00F8B240 /* MASConstraintMaker.m */ = {isa = PBXFileReference; fileEncoding = 4; lastKnownFileType = sourcecode.c.objc; path = MASConstraintMaker.m; sourceTree = "<group>"; };
		4CEB7D721F38CD6F00F8B240 /* MASLayoutConstraint.h */ = {isa = PBXFileReference; fileEncoding = 4; lastKnownFileType = sourcecode.c.h; path = MASLayoutConstraint.h; sourceTree = "<group>"; };
		4CEB7D731F38CD6F00F8B240 /* MASLayoutConstraint.m */ = {isa = PBXFileReference; fileEncoding = 4; lastKnownFileType = sourcecode.c.objc; path = MASLayoutConstraint.m; sourceTree = "<group>"; };
		4CEB7D741F38CD6F00F8B240 /* Masonry.h */ = {isa = PBXFileReference; fileEncoding = 4; lastKnownFileType = sourcecode.c.h; path = Masonry.h; sourceTree = "<group>"; };
		4CEB7D751F38CD6F00F8B240 /* MASUtilities.h */ = {isa = PBXFileReference; fileEncoding = 4; lastKnownFileType = sourcecode.c.h; path = MASUtilities.h; sourceTree = "<group>"; };
		4CEB7D761F38CD6F00F8B240 /* MASViewAttribute.h */ = {isa = PBXFileReference; fileEncoding = 4; lastKnownFileType = sourcecode.c.h; path = MASViewAttribute.h; sourceTree = "<group>"; };
		4CEB7D771F38CD6F00F8B240 /* MASViewAttribute.m */ = {isa = PBXFileReference; fileEncoding = 4; lastKnownFileType = sourcecode.c.objc; path = MASViewAttribute.m; sourceTree = "<group>"; };
		4CEB7D781F38CD6F00F8B240 /* MASViewConstraint.h */ = {isa = PBXFileReference; fileEncoding = 4; lastKnownFileType = sourcecode.c.h; path = MASViewConstraint.h; sourceTree = "<group>"; };
		4CEB7D791F38CD6F00F8B240 /* MASViewConstraint.m */ = {isa = PBXFileReference; fileEncoding = 4; lastKnownFileType = sourcecode.c.objc; path = MASViewConstraint.m; sourceTree = "<group>"; };
		4CEB7D7A1F38CD6F00F8B240 /* NSArray+MASAdditions.h */ = {isa = PBXFileReference; fileEncoding = 4; lastKnownFileType = sourcecode.c.h; path = "NSArray+MASAdditions.h"; sourceTree = "<group>"; };
		4CEB7D7B1F38CD6F00F8B240 /* NSArray+MASAdditions.m */ = {isa = PBXFileReference; fileEncoding = 4; lastKnownFileType = sourcecode.c.objc; path = "NSArray+MASAdditions.m"; sourceTree = "<group>"; };
		4CEB7D7C1F38CD6F00F8B240 /* NSArray+MASShorthandAdditions.h */ = {isa = PBXFileReference; fileEncoding = 4; lastKnownFileType = sourcecode.c.h; path = "NSArray+MASShorthandAdditions.h"; sourceTree = "<group>"; };
		4CEB7D7D1F38CD6F00F8B240 /* NSLayoutConstraint+MASDebugAdditions.h */ = {isa = PBXFileReference; fileEncoding = 4; lastKnownFileType = sourcecode.c.h; path = "NSLayoutConstraint+MASDebugAdditions.h"; sourceTree = "<group>"; };
		4CEB7D7E1F38CD6F00F8B240 /* NSLayoutConstraint+MASDebugAdditions.m */ = {isa = PBXFileReference; fileEncoding = 4; lastKnownFileType = sourcecode.c.objc; path = "NSLayoutConstraint+MASDebugAdditions.m"; sourceTree = "<group>"; };
		4CEB7D7F1F38CD6F00F8B240 /* View+MASAdditions.h */ = {isa = PBXFileReference; fileEncoding = 4; lastKnownFileType = sourcecode.c.h; path = "View+MASAdditions.h"; sourceTree = "<group>"; };
		4CEB7D801F38CD6F00F8B240 /* View+MASAdditions.m */ = {isa = PBXFileReference; fileEncoding = 4; lastKnownFileType = sourcecode.c.objc; path = "View+MASAdditions.m"; sourceTree = "<group>"; };
		4CEB7D811F38CD6F00F8B240 /* View+MASShorthandAdditions.h */ = {isa = PBXFileReference; fileEncoding = 4; lastKnownFileType = sourcecode.c.h; path = "View+MASShorthandAdditions.h"; sourceTree = "<group>"; };
		4CEB7D821F38CD6F00F8B240 /* ViewController+MASAdditions.h */ = {isa = PBXFileReference; fileEncoding = 4; lastKnownFileType = sourcecode.c.h; path = "ViewController+MASAdditions.h"; sourceTree = "<group>"; };
		4CEB7D831F38CD6F00F8B240 /* ViewController+MASAdditions.m */ = {isa = PBXFileReference; fileEncoding = 4; lastKnownFileType = sourcecode.c.objc; path = "ViewController+MASAdditions.m"; sourceTree = "<group>"; };
		A2061B1A1C47D0650005BFF4 /* EffectViewDemo.app */ = {isa = PBXFileReference; explicitFileType = wrapper.application; includeInIndex = 0; path = EffectViewDemo.app; sourceTree = BUILT_PRODUCTS_DIR; };
		A2061B1E1C47D0650005BFF4 /* main.m */ = {isa = PBXFileReference; lastKnownFileType = sourcecode.c.objc; path = main.m; sourceTree = "<group>"; };
		A2061B201C47D0650005BFF4 /* AppDelegate.h */ = {isa = PBXFileReference; lastKnownFileType = sourcecode.c.h; path = AppDelegate.h; sourceTree = "<group>"; };
		A2061B211C47D0650005BFF4 /* AppDelegate.m */ = {isa = PBXFileReference; lastKnownFileType = sourcecode.c.objc; path = AppDelegate.m; sourceTree = "<group>"; };
		A2061B231C47D0650005BFF4 /* RedPacketViewController.h */ = {isa = PBXFileReference; lastKnownFileType = sourcecode.c.h; path = RedPacketViewController.h; sourceTree = "<group>"; };
		A2061B241C47D0650005BFF4 /* RedPacketViewController.m */ = {isa = PBXFileReference; lastKnownFileType = sourcecode.c.objc; path = RedPacketViewController.m; sourceTree = "<group>"; };
		A2061B271C47D0650005BFF4 /* Base */ = {isa = PBXFileReference; lastKnownFileType = file.storyboard; name = Base; path = Base.lproj/Main.storyboard; sourceTree = "<group>"; };
		A2061B291C47D0650005BFF4 /* Assets.xcassets */ = {isa = PBXFileReference; lastKnownFileType = folder.assetcatalog; path = Assets.xcassets; sourceTree = "<group>"; };
		A2061B2C1C47D0650005BFF4 /* Base */ = {isa = PBXFileReference; lastKnownFileType = file.storyboard; name = Base; path = Base.lproj/LaunchScreen.storyboard; sourceTree = "<group>"; };
		A2061B2E1C47D0650005BFF4 /* Info.plist */ = {isa = PBXFileReference; lastKnownFileType = text.plist.xml; path = Info.plist; sourceTree = "<group>"; };
		A2061B351C47D0880005BFF4 /* UIImage+ImageEffects.h */ = {isa = PBXFileReference; fileEncoding = 4; lastKnownFileType = sourcecode.c.h; path = "UIImage+ImageEffects.h"; sourceTree = "<group>"; };
		A2061B361C47D0880005BFF4 /* UIImage+ImageEffects.m */ = {isa = PBXFileReference; fileEncoding = 4; lastKnownFileType = sourcecode.c.objc; path = "UIImage+ImageEffects.m"; sourceTree = "<group>"; };
		A2061B371C47D0880005BFF4 /* UIImageView+LBBlurredImage.h */ = {isa = PBXFileReference; fileEncoding = 4; lastKnownFileType = sourcecode.c.h; path = "UIImageView+LBBlurredImage.h"; sourceTree = "<group>"; };
		A2061B381C47D0880005BFF4 /* UIImageView+LBBlurredImage.m */ = {isa = PBXFileReference; fileEncoding = 4; lastKnownFileType = sourcecode.c.objc; path = "UIImageView+LBBlurredImage.m"; sourceTree = "<group>"; };
		A2061B3B1C47D14F0005BFF4 /* huba.jpeg */ = {isa = PBXFileReference; lastKnownFileType = image.jpeg; path = huba.jpeg; sourceTree = "<group>"; };
/* End PBXFileReference section */

/* Begin PBXFrameworksBuildPhase section */
		A2061B171C47D0650005BFF4 /* Frameworks */ = {
			isa = PBXFrameworksBuildPhase;
			buildActionMask = 2147483647;
			files = (
			);
			runOnlyForDeploymentPostprocessing = 0;
		};
/* End PBXFrameworksBuildPhase section */

/* Begin PBXGroup section */
		4CEB7D691F38CD6F00F8B240 /* Masonry */ = {
			isa = PBXGroup;
			children = (
				4CEB7D6A1F38CD6F00F8B240 /* Info.plist */,
				4CEB7D6B1F38CD6F00F8B240 /* MASCompositeConstraint.h */,
				4CEB7D6C1F38CD6F00F8B240 /* MASCompositeConstraint.m */,
				4CEB7D6D1F38CD6F00F8B240 /* MASConstraint+Private.h */,
				4CEB7D6E1F38CD6F00F8B240 /* MASConstraint.h */,
				4CEB7D6F1F38CD6F00F8B240 /* MASConstraint.m */,
				4CEB7D701F38CD6F00F8B240 /* MASConstraintMaker.h */,
				4CEB7D711F38CD6F00F8B240 /* MASConstraintMaker.m */,
				4CEB7D721F38CD6F00F8B240 /* MASLayoutConstraint.h */,
				4CEB7D731F38CD6F00F8B240 /* MASLayoutConstraint.m */,
				4CEB7D741F38CD6F00F8B240 /* Masonry.h */,
				4CEB7D751F38CD6F00F8B240 /* MASUtilities.h */,
				4CEB7D761F38CD6F00F8B240 /* MASViewAttribute.h */,
				4CEB7D771F38CD6F00F8B240 /* MASViewAttribute.m */,
				4CEB7D781F38CD6F00F8B240 /* MASViewConstraint.h */,
				4CEB7D791F38CD6F00F8B240 /* MASViewConstraint.m */,
				4CEB7D7A1F38CD6F00F8B240 /* NSArray+MASAdditions.h */,
				4CEB7D7B1F38CD6F00F8B240 /* NSArray+MASAdditions.m */,
				4CEB7D7C1F38CD6F00F8B240 /* NSArray+MASShorthandAdditions.h */,
				4CEB7D7D1F38CD6F00F8B240 /* NSLayoutConstraint+MASDebugAdditions.h */,
				4CEB7D7E1F38CD6F00F8B240 /* NSLayoutConstraint+MASDebugAdditions.m */,
				4CEB7D7F1F38CD6F00F8B240 /* View+MASAdditions.h */,
				4CEB7D801F38CD6F00F8B240 /* View+MASAdditions.m */,
				4CEB7D811F38CD6F00F8B240 /* View+MASShorthandAdditions.h */,
				4CEB7D821F38CD6F00F8B240 /* ViewController+MASAdditions.h */,
				4CEB7D831F38CD6F00F8B240 /* ViewController+MASAdditions.m */,
			);
			path = Masonry;
			sourceTree = "<group>";
		};
		A2061B111C47D0650005BFF4 = {
			isa = PBXGroup;
			children = (
				A2061B1C1C47D0650005BFF4 /* EffectViewDemo */,
				A2061B1B1C47D0650005BFF4 /* Products */,
			);
			sourceTree = "<group>";
		};
		A2061B1B1C47D0650005BFF4 /* Products */ = {
			isa = PBXGroup;
			children = (
				A2061B1A1C47D0650005BFF4 /* EffectViewDemo.app */,
			);
			name = Products;
			sourceTree = "<group>";
		};
		A2061B1C1C47D0650005BFF4 /* EffectViewDemo */ = {
			isa = PBXGroup;
			children = (
				A2061B341C47D0880005BFF4 /* LBBlurredImage */,
				A2061B201C47D0650005BFF4 /* AppDelegate.h */,
				A2061B211C47D0650005BFF4 /* AppDelegate.m */,
				A2061B231C47D0650005BFF4 /* RedPacketViewController.h */,
				A2061B241C47D0650005BFF4 /* RedPacketViewController.m */,
				A2061B261C47D0650005BFF4 /* Main.storyboard */,
				A2061B291C47D0650005BFF4 /* Assets.xcassets */,
				A2061B2B1C47D0650005BFF4 /* LaunchScreen.storyboard */,
				A2061B2E1C47D0650005BFF4 /* Info.plist */,
				4C2898AE1F2F6F1200D0C4BF /* a_alipay.png */,
				4C2898AF1F2F6F1200D0C4BF /* a_close.png */,
				A2061B3B1C47D14F0005BFF4 /* huba.jpeg */,
				4CEB7D691F38CD6F00F8B240 /* Masonry */,
				A2061B1D1C47D0650005BFF4 /* Supporting Files */,
			);
			path = EffectViewDemo;
			sourceTree = "<group>";
		};
		A2061B1D1C47D0650005BFF4 /* Supporting Files */ = {
			isa = PBXGroup;
			children = (
				A2061B1E1C47D0650005BFF4 /* main.m */,
			);
			name = "Supporting Files";
			sourceTree = "<group>";
		};
		A2061B341C47D0880005BFF4 /* LBBlurredImage */ = {
			isa = PBXGroup;
			children = (
				A2061B351C47D0880005BFF4 /* UIImage+ImageEffects.h */,
				A2061B361C47D0880005BFF4 /* UIImage+ImageEffects.m */,
				A2061B371C47D0880005BFF4 /* UIImageView+LBBlurredImage.h */,
				A2061B381C47D0880005BFF4 /* UIImageView+LBBlurredImage.m */,
			);
			path = LBBlurredImage;
			sourceTree = "<group>";
		};
/* End PBXGroup section */

/* Begin PBXNativeTarget section */
		A2061B191C47D0650005BFF4 /* EffectViewDemo */ = {
			isa = PBXNativeTarget;
			buildConfigurationList = A2061B311C47D0650005BFF4 /* Build configuration list for PBXNativeTarget "EffectViewDemo" */;
			buildPhases = (
				A2061B161C47D0650005BFF4 /* Sources */,
				A2061B171C47D0650005BFF4 /* Frameworks */,
				A2061B181C47D0650005BFF4 /* Resources */,
			);
			buildRules = (
			);
			dependencies = (
			);
			name = EffectViewDemo;
			productName = EffectViewDemo;
			productReference = A2061B1A1C47D0650005BFF4 /* EffectViewDemo.app */;
			productType = "com.apple.product-type.application";
		};
/* End PBXNativeTarget section */

/* Begin PBXProject section */
		A2061B121C47D0650005BFF4 /* Project object */ = {
			isa = PBXProject;
			attributes = {
				LastUpgradeCheck = 0710;
				ORGANIZATIONNAME = Arvin;
				TargetAttributes = {
					A2061B191C47D0650005BFF4 = {
						CreatedOnToolsVersion = 7.1;
						DevelopmentTeam = VZF44W2ZC2;
						ProvisioningStyle = Manual;
					};
				};
			};
			buildConfigurationList = A2061B151C47D0650005BFF4 /* Build configuration list for PBXProject "EffectViewDemo" */;
			compatibilityVersion = "Xcode 3.2";
			developmentRegion = English;
			hasScannedForEncodings = 0;
			knownRegions = (
				en,
				Base,
			);
			mainGroup = A2061B111C47D0650005BFF4;
			productRefGroup = A2061B1B1C47D0650005BFF4 /* Products */;
			projectDirPath = "";
			projectRoot = "";
			targets = (
				A2061B191C47D0650005BFF4 /* EffectViewDemo */,
			);
		};
/* End PBXProject section */

/* Begin PBXResourcesBuildPhase section */
		A2061B181C47D0650005BFF4 /* Resources */ = {
			isa = PBXResourcesBuildPhase;
			buildActionMask = 2147483647;
			files = (
				4CEB7D841F38CD6F00F8B240 /* Info.plist in Resources */,
				4C2898B11F2F6F1300D0C4BF /* a_close.png in Resources */,
				A2061B2D1C47D0650005BFF4 /* LaunchScreen.storyboard in Resources */,
				4C2898B01F2F6F1200D0C4BF /* a_alipay.png in Resources */,
				A2061B3D1C47D14F0005BFF4 /* huba.jpeg in Resources */,
				A2061B2A1C47D0650005BFF4 /* Assets.xcassets in Resources */,
				A2061B281C47D0650005BFF4 /* Main.storyboard in Resources */,
			);
			runOnlyForDeploymentPostprocessing = 0;
		};
/* End PBXResourcesBuildPhase section */

/* Begin PBXSourcesBuildPhase section */
		A2061B161C47D0650005BFF4 /* Sources */ = {
			isa = PBXSourcesBuildPhase;
			buildActionMask = 2147483647;
			files = (
				4CEB7D861F38CD7000F8B240 /* MASConstraint.m in Sources */,
				4CEB7D891F38CD7000F8B240 /* MASViewAttribute.m in Sources */,
				4CEB7D8E1F38CD7000F8B240 /* ViewController+MASAdditions.m in Sources */,
				4CEB7D8B1F38CD7000F8B240 /* NSArray+MASAdditions.m in Sources */,
				4CEB7D8A1F38CD7000F8B240 /* MASViewConstraint.m in Sources */,
				4CEB7D881F38CD7000F8B240 /* MASLayoutConstraint.m in Sources */,
				A2061B391C47D0880005BFF4 /* UIImage+ImageEffects.m in Sources */,
				A2061B251C47D0650005BFF4 /* RedPacketViewController.m in Sources */,
				4CEB7D8D1F38CD7000F8B240 /* View+MASAdditions.m in Sources */,
				4CEB7D851F38CD7000F8B240 /* MASCompositeConstraint.m in Sources */,
				4CEB7D8C1F38CD7000F8B240 /* NSLayoutConstraint+MASDebugAdditions.m in Sources */,
				4CEB7D871F38CD7000F8B240 /* MASConstraintMaker.m in Sources */,
				A2061B3A1C47D0880005BFF4 /* UIImageView+LBBlurredImage.m in Sources */,
				A2061B221C47D0650005BFF4 /* AppDelegate.m in Sources */,
				A2061B1F1C47D0650005BFF4 /* main.m in Sources */,
			);
			runOnlyForDeploymentPostprocessing = 0;
		};
/* End PBXSourcesBuildPhase section */

/* Begin PBXVariantGroup section */
		A2061B261C47D0650005BFF4 /* Main.storyboard */ = {
			isa = PBXVariantGroup;
			children = (
				A2061B271C47D0650005BFF4 /* Base */,
			);
			name = Main.storyboard;
			sourceTree = "<group>";
		};
		A2061B2B1C47D0650005BFF4 /* LaunchScreen.storyboard */ = {
			isa = PBXVariantGroup;
			children = (
				A2061B2C1C47D0650005BFF4 /* Base */,
			);
			name = LaunchScreen.storyboard;
			sourceTree = "<group>";
		};
/* End PBXVariantGroup section */

/* Begin XCBuildConfiguration section */
		A2061B2F1C47D0650005BFF4 /* Debug */ = {
			isa = XCBuildConfiguration;
			buildSettings = {
				ALWAYS_SEARCH_USER_PATHS = NO;
				CLANG_CXX_LANGUAGE_STANDARD = "gnu++0x";
				CLANG_CXX_LIBRARY = "libc++";
				CLANG_ENABLE_MODULES = YES;
				CLANG_ENABLE_OBJC_ARC = YES;
				CLANG_WARN_BOOL_CONVERSION = YES;
				CLANG_WARN_CONSTANT_CONVERSION = YES;
				CLANG_WARN_DIRECT_OBJC_ISA_USAGE = YES_ERROR;
				CLANG_WARN_EMPTY_BODY = YES;
				CLANG_WARN_ENUM_CONVERSION = YES;
				CLANG_WARN_INT_CONVERSION = YES;
				CLANG_WARN_OBJC_ROOT_CLASS = YES_ERROR;
				CLANG_WARN_UNREACHABLE_CODE = YES;
				CLANG_WARN__DUPLICATE_METHOD_MATCH = YES;
				"CODE_SIGN_IDENTITY[sdk=iphoneos*]" = "iPhone Developer";
				COPY_PHASE_STRIP = NO;
				DEBUG_INFORMATION_FORMAT = dwarf;
				ENABLE_STRICT_OBJC_MSGSEND = YES;
				ENABLE_TESTABILITY = YES;
				GCC_C_LANGUAGE_STANDARD = gnu99;
				GCC_DYNAMIC_NO_PIC = NO;
				GCC_NO_COMMON_BLOCKS = YES;
				GCC_OPTIMIZATION_LEVEL = 0;
				GCC_PREPROCESSOR_DEFINITIONS = (
					"DEBUG=1",
					"$(inherited)",
				);
				GCC_WARN_64_TO_32_BIT_CONVERSION = YES;
				GCC_WARN_ABOUT_RETURN_TYPE = YES_ERROR;
				GCC_WARN_UNDECLARED_SELECTOR = YES;
				GCC_WARN_UNINITIALIZED_AUTOS = YES_AGGRESSIVE;
				GCC_WARN_UNUSED_FUNCTION = YES;
				GCC_WARN_UNUSED_VARIABLE = YES;
				IPHONEOS_DEPLOYMENT_TARGET = 9.1;
				MTL_ENABLE_DEBUG_INFO = YES;
				ONLY_ACTIVE_ARCH = YES;
				SDKROOT = iphoneos;
			};
			name = Debug;
		};
		A2061B301C47D0650005BFF4 /* Release */ = {
			isa = XCBuildConfiguration;
			buildSettings = {
				ALWAYS_SEARCH_USER_PATHS = NO;
				CLANG_CXX_LANGUAGE_STANDARD = "gnu++0x";
				CLANG_CXX_LIBRARY = "libc++";
				CLANG_ENABLE_MODULES = YES;
				CLANG_ENABLE_OBJC_ARC = YES;
				CLANG_WARN_BOOL_CONVERSION = YES;
				CLANG_WARN_CONSTANT_CONVERSION = YES;
				CLANG_WARN_DIRECT_OBJC_ISA_USAGE = YES_ERROR;
				CLANG_WARN_EMPTY_BODY = YES;
				CLANG_WARN_ENUM_CONVERSION = YES;
				CLANG_WARN_INT_CONVERSION = YES;
				CLANG_WARN_OBJC_ROOT_CLASS = YES_ERROR;
				CLANG_WARN_UNREACHABLE_CODE = YES;
				CLANG_WARN__DUPLICATE_METHOD_MATCH = YES;
				"CODE_SIGN_IDENTITY[sdk=iphoneos*]" = "iPhone Developer";
				COPY_PHASE_STRIP = NO;
				DEBUG_INFORMATION_FORMAT = "dwarf-with-dsym";
				ENABLE_NS_ASSERTIONS = NO;
				ENABLE_STRICT_OBJC_MSGSEND = YES;
				GCC_C_LANGUAGE_STANDARD = gnu99;
				GCC_NO_COMMON_BLOCKS = YES;
				GCC_WARN_64_TO_32_BIT_CONVERSION = YES;
				GCC_WARN_ABOUT_RETURN_TYPE = YES_ERROR;
				GCC_WARN_UNDECLARED_SELECTOR = YES;
				GCC_WARN_UNINITIALIZED_AUTOS = YES_AGGRESSIVE;
				GCC_WARN_UNUSED_FUNCTION = YES;
				GCC_WARN_UNUSED_VARIABLE = YES;
				IPHONEOS_DEPLOYMENT_TARGET = 9.1;
				MTL_ENABLE_DEBUG_INFO = NO;
				SDKROOT = iphoneos;
				VALIDATE_PRODUCT = YES;
			};
			name = Release;
		};
		A2061B321C47D0650005BFF4 /* Debug */ = {
			isa = XCBuildConfiguration;
			buildSettings = {
				ASSETCATALOG_COMPILER_APPICON_NAME = AppIcon;
				CODE_SIGN_IDENTITY = "iPhone Distribution: Beijing Think Expand Combine  Crowd Technology Co.,Ltd";
				"CODE_SIGN_IDENTITY[sdk=iphoneos*]" = "iPhone Distribution: Beijing Think Expand Combine  Crowd Technology Co.,Ltd";
				DEVELOPMENT_TEAM = VZF44W2ZC2;
				INFOPLIST_FILE = EffectViewDemo/Info.plist;
				IPHONEOS_DEPLOYMENT_TARGET = 7.0;
				LD_RUNPATH_SEARCH_PATHS = "$(inherited) @executable_path/Frameworks";
				PRODUCT_BUNDLE_IDENTIFIER = com.cmstop.cn.Arvin.EffectViewDemo;
				PRODUCT_NAME = "$(TARGET_NAME)";
				PROVISIONING_PROFILE = "8a57beca-bd15-4a57-b529-a5a36010c12d";
				PROVISIONING_PROFILE_SPECIFIER = cmstopcustomerTestProv;
			};
			name = Debug;
		};
		A2061B331C47D0650005BFF4 /* Release */ = {
			isa = XCBuildConfiguration;
			buildSettings = {
				ASSETCATALOG_COMPILER_APPICON_NAME = AppIcon;
				CODE_SIGN_IDENTITY = "iPhone Distribution: Beijing Think Expand Combine  Crowd Technology Co.,Ltd";
				"CODE_SIGN_IDENTITY[sdk=iphoneos*]" = "iPhone Distribution: Beijing Think Expand Combine  Crowd Technology Co.,Ltd";
				DEVELOPMENT_TEAM = VZF44W2ZC2;
				INFOPLIST_FILE = EffectViewDemo/Info.plist;
				IPHONEOS_DEPLOYMENT_TARGET = 7.0;
				LD_RUNPATH_SEARCH_PATHS = "$(inherited) @executable_path/Frameworks";
				PRODUCT_BUNDLE_IDENTIFIER = com.cmstop.cn.Arvin.EffectViewDemo;
				PRODUCT_NAME = "$(TARGET_NAME)";
				PROVISIONING_PROFILE = "8a57beca-bd15-4a57-b529-a5a36010c12d";
				PROVISIONING_PROFILE_SPECIFIER = cmstopcustomerTestProv;
			};
			name = Release;
		};
/* End XCBuildConfiguration section */

/* Begin XCConfigurationList section */
		A2061B151C47D0650005BFF4 /* Build configuration list for PBXProject "EffectViewDemo" */ = {
			isa = XCConfigurationList;
			buildConfigurations = (
				A2061B2F1C47D0650005BFF4 /* Debug */,
				A2061B301C47D0650005BFF4 /* Release */,
			);
			defaultConfigurationIsVisible = 0;
			defaultConfigurationName = Release;
		};
		A2061B311C47D0650005BFF4 /* Build configuration list for PBXNativeTarget "EffectViewDemo" */ = {
			isa = XCConfigurationList;
			buildConfigurations = (
				A2061B321C47D0650005BFF4 /* Debug */,
				A2061B331C47D0650005BFF4 /* Release */,
			);
			defaultConfigurationIsVisible = 0;
			defaultConfigurationName = Release;
		};
/* End XCConfigurationList section */
	};
	rootObject = A2061B121C47D0650005BFF4 /* Project object */;
}
